
Microsoft Visual Studio Solution File, Format Version 12.00
# Visual Studio Version 17
VisualStudioVersion = 17.4.33213.308
MinimumVisualStudioVersion = 10.0.40219.1
Project("{8BC9CEB8-8B4A-11D0-8D11-00A0C91BC942}") = "queue simple", "queue simple\queue simple.vcxproj", "{F0A17965-5C63-4493-B468-6A3A730003A3}"
EndProject
Global
	GlobalSection(SolutionConfigurationPlatforms) = preSolution
		Debug|x64 = Debug|x64
		Debug|x86 = Debug|x86
		Release|x64 = Release|x64
		Release|x86 = Release|x86
	EndGlobalSection
	GlobalSection(ProjectConfigurationPlatforms) = postSolution
		{F0A17965-5C63-4493-B468-6A3A730003A3}.Debug|x64.ActiveCfg = Debug|x64
		{F0A17965-5C63-4493-B468-6A3A730003A3}.Debug|x64.Build.0 = Debug|x64
		{F0A17965-5C63-4493-B468-6A3A730003A3}.Debug|x86.ActiveCfg = Debug|Win32
		{F0A17965-5C63-4493-B468-6A3A730003A3}.Debug|x86.Build.0 = Debug|Win32
		{F0A17965-5C63-4493-B468-6A3A730003A3}.Release|x64.ActiveCfg = Release|x64
		{F0A17965-5C63-4493-B468-6A3A730003A3}.Release|x64.Build.0 = Release|x64
		{F0A17965-5C63-4493-B468-6A3A730003A3}.Release|x86.ActiveCfg = Release|Win32
		{F0A17965-5C63-4493-B468-6A3A730003A3}.Release|x86.Build.0 = Release|Win32
	EndGlobalSection
	GlobalSection(SolutionProperties) = preSolution
		HideSolutionNode = FALSE
	EndGlobalSection
	GlobalSection(ExtensibilityGlobals) = postSolution
		SolutionGuid = {2B556ADA-6C11-4F22-A4F9-46EA87E9B118}
	EndGlobalSection
EndGlobal
